// !$*UTF8*$!
{
	archiveVersion = 1;
	classes = {
	};
	objectVersion = 55;
	objects = {

/* Begin PBXBuildFile section */
		1D7C751A2717719D00716F36 /* AppDelegate.swift in Sources */ = {isa = PBXBuildFile; fileRef = 1D7C75192717719D00716F36 /* AppDelegate.swift */; };
		1D7C751E2717719D00716F36 /* ViewController.swift in Sources */ = {isa = PBXBuildFile; fileRef = 1D7C751D2717719D00716F36 /* ViewController.swift */; };
		1D7C75242717719D00716F36 /* ExchangeRateApp.xcdatamodeld in Sources */ = {isa = PBXBuildFile; fileRef = 1D7C75222717719D00716F36 /* ExchangeRateApp.xcdatamodeld */; };
		1D7C7526271771A000716F36 /* Assets.xcassets in Resources */ = {isa = PBXBuildFile; fileRef = 1D7C7525271771A000716F36 /* Assets.xcassets */; };
		1D7C7529271771A000716F36 /* LaunchScreen.storyboard in Resources */ = {isa = PBXBuildFile; fileRef = 1D7C7527271771A000716F36 /* LaunchScreen.storyboard */; };
		1D7C7534271771A100716F36 /* ExchangeRateAppTests.swift in Sources */ = {isa = PBXBuildFile; fileRef = 1D7C7533271771A100716F36 /* ExchangeRateAppTests.swift */; };
		1D7C753E271771A100716F36 /* ExchangeRateAppUITests.swift in Sources */ = {isa = PBXBuildFile; fileRef = 1D7C753D271771A100716F36 /* ExchangeRateAppUITests.swift */; };
		1D7C7540271771A100716F36 /* ExchangeRateAppUITestsLaunchTests.swift in Sources */ = {isa = PBXBuildFile; fileRef = 1D7C753F271771A100716F36 /* ExchangeRateAppUITestsLaunchTests.swift */; };
		1D7C754E27177A8300716F36 /* UIColor+Extension.swift in Sources */ = {isa = PBXBuildFile; fileRef = 1D7C754D27177A8300716F36 /* UIColor+Extension.swift */; };
		1D7C755127177D2300716F36 /* PersistenceManager.swift in Sources */ = {isa = PBXBuildFile; fileRef = 1D7C755027177D2300716F36 /* PersistenceManager.swift */; };
		1D7C755327178EC000716F36 /* MainTableViewCell.swift in Sources */ = {isa = PBXBuildFile; fileRef = 1D7C755227178EC000716F36 /* MainTableViewCell.swift */; };
		1D7C7557271794E200716F36 /* Alamofire in Frameworks */ = {isa = PBXBuildFile; productRef = 1D7C7556271794E200716F36 /* Alamofire */; };
		1D7C75592717950800716F36 /* Service.swift in Sources */ = {isa = PBXBuildFile; fileRef = 1D7C75582717950800716F36 /* Service.swift */; };
		1D7C755B2717951600716F36 /* API.swift in Sources */ = {isa = PBXBuildFile; fileRef = 1D7C755A2717951600716F36 /* API.swift */; };
		1D7C755E271798A800716F36 /* RatesModel.swift in Sources */ = {isa = PBXBuildFile; fileRef = 1D7C755D271798A800716F36 /* RatesModel.swift */; };
		1D8B30292718302C00B287EB /* RatesViewModel.swift in Sources */ = {isa = PBXBuildFile; fileRef = 1D8B30282718302C00B287EB /* RatesViewModel.swift */; };
/* End PBXBuildFile section */

/* Begin PBXContainerItemProxy section */
		1D7C7530271771A100716F36 /* PBXContainerItemProxy */ = {
			isa = PBXContainerItemProxy;
			containerPortal = 1D7C750E2717719D00716F36 /* Project object */;
			proxyType = 1;
			remoteGlobalIDString = 1D7C75152717719D00716F36;
			remoteInfo = ExchangeRateApp;
		};
		1D7C753A271771A100716F36 /* PBXContainerItemProxy */ = {
			isa = PBXContainerItemProxy;
			containerPortal = 1D7C750E2717719D00716F36 /* Project object */;
			proxyType = 1;
			remoteGlobalIDString = 1D7C75152717719D00716F36;
			remoteInfo = ExchangeRateApp;
		};
/* End PBXContainerItemProxy section */

/* Begin PBXFileReference section */
		1D7C75162717719D00716F36 /* ExchangeRateApp.app */ = {isa = PBXFileReference; explicitFileType = wrapper.application; includeInIndex = 0; path = ExchangeRateApp.app; sourceTree = BUILT_PRODUCTS_DIR; };
		1D7C75192717719D00716F36 /* AppDelegate.swift */ = {isa = PBXFileReference; lastKnownFileType = sourcecode.swift; path = AppDelegate.swift; sourceTree = "<group>"; };
		1D7C751D2717719D00716F36 /* ViewController.swift */ = {isa = PBXFileReference; lastKnownFileType = sourcecode.swift; path = ViewController.swift; sourceTree = "<group>"; };
		1D7C75232717719D00716F36 /* ExchangeRateApp.xcdatamodel */ = {isa = PBXFileReference; lastKnownFileType = wrapper.xcdatamodel; path = ExchangeRateApp.xcdatamodel; sourceTree = "<group>"; };
		1D7C7525271771A000716F36 /* Assets.xcassets */ = {isa = PBXFileReference; lastKnownFileType = folder.assetcatalog; path = Assets.xcassets; sourceTree = "<group>"; };
		1D7C7528271771A000716F36 /* Base */ = {isa = PBXFileReference; lastKnownFileType = file.storyboard; name = Base; path = Base.lproj/LaunchScreen.storyboard; sourceTree = "<group>"; };
		1D7C752A271771A000716F36 /* Info.plist */ = {isa = PBXFileReference; lastKnownFileType = text.plist.xml; path = Info.plist; sourceTree = "<group>"; };
		1D7C752F271771A100716F36 /* ExchangeRateAppTests.xctest */ = {isa = PBXFileReference; explicitFileType = wrapper.cfbundle; includeInIndex = 0; path = ExchangeRateAppTests.xctest; sourceTree = BUILT_PRODUCTS_DIR; };
		1D7C7533271771A100716F36 /* ExchangeRateAppTests.swift */ = {isa = PBXFileReference; lastKnownFileType = sourcecode.swift; path = ExchangeRateAppTests.swift; sourceTree = "<group>"; };
		1D7C7539271771A100716F36 /* ExchangeRateAppUITests.xctest */ = {isa = PBXFileReference; explicitFileType = wrapper.cfbundle; includeInIndex = 0; path = ExchangeRateAppUITests.xctest; sourceTree = BUILT_PRODUCTS_DIR; };
		1D7C753D271771A100716F36 /* ExchangeRateAppUITests.swift */ = {isa = PBXFileReference; lastKnownFileType = sourcecode.swift; path = ExchangeRateAppUITests.swift; sourceTree = "<group>"; };
		1D7C753F271771A100716F36 /* ExchangeRateAppUITestsLaunchTests.swift */ = {isa = PBXFileReference; lastKnownFileType = sourcecode.swift; path = ExchangeRateAppUITestsLaunchTests.swift; sourceTree = "<group>"; };
		1D7C754D27177A8300716F36 /* UIColor+Extension.swift */ = {isa = PBXFileReference; lastKnownFileType = sourcecode.swift; path = "UIColor+Extension.swift"; sourceTree = "<group>"; };
		1D7C755027177D2300716F36 /* PersistenceManager.swift */ = {isa = PBXFileReference; lastKnownFileType = sourcecode.swift; path = PersistenceManager.swift; sourceTree = "<group>"; };
		1D7C755227178EC000716F36 /* MainTableViewCell.swift */ = {isa = PBXFileReference; lastKnownFileType = sourcecode.swift; path = MainTableViewCell.swift; sourceTree = "<group>"; };
		1D7C75582717950800716F36 /* Service.swift */ = {isa = PBXFileReference; lastKnownFileType = sourcecode.swift; path = Service.swift; sourceTree = "<group>"; };
		1D7C755A2717951600716F36 /* API.swift */ = {isa = PBXFileReference; lastKnownFileType = sourcecode.swift; path = API.swift; sourceTree = "<group>"; };
		1D7C755D271798A800716F36 /* RatesModel.swift */ = {isa = PBXFileReference; lastKnownFileType = sourcecode.swift; path = RatesModel.swift; sourceTree = "<group>"; };
		1D8B30282718302C00B287EB /* RatesViewModel.swift */ = {isa = PBXFileReference; lastKnownFileType = sourcecode.swift; path = RatesViewModel.swift; sourceTree = "<group>"; };
/* End PBXFileReference section */

/* Begin PBXFrameworksBuildPhase section */
		1D7C75132717719D00716F36 /* Frameworks */ = {
			isa = PBXFrameworksBuildPhase;
			buildActionMask = 2147483647;
			files = (
				1D7C7557271794E200716F36 /* Alamofire in Frameworks */,
			);
			runOnlyForDeploymentPostprocessing = 0;
		};
		1D7C752C271771A100716F36 /* Frameworks */ = {
			isa = PBXFrameworksBuildPhase;
			buildActionMask = 2147483647;
			files = (
			);
			runOnlyForDeploymentPostprocessing = 0;
		};
		1D7C7536271771A100716F36 /* Frameworks */ = {
			isa = PBXFrameworksBuildPhase;
			buildActionMask = 2147483647;
			files = (
			);
			runOnlyForDeploymentPostprocessing = 0;
		};
/* End PBXFrameworksBuildPhase section */

/* Begin PBXGroup section */
		1D7C750D2717719D00716F36 = {
			isa = PBXGroup;
			children = (
				1D7C75182717719D00716F36 /* ExchangeRateApp */,
				1D7C7532271771A100716F36 /* ExchangeRateAppTests */,
				1D7C753C271771A100716F36 /* ExchangeRateAppUITests */,
				1D7C75172717719D00716F36 /* Products */,
			);
			sourceTree = "<group>";
		};
		1D7C75172717719D00716F36 /* Products */ = {
			isa = PBXGroup;
			children = (
				1D7C75162717719D00716F36 /* ExchangeRateApp.app */,
				1D7C752F271771A100716F36 /* ExchangeRateAppTests.xctest */,
				1D7C7539271771A100716F36 /* ExchangeRateAppUITests.xctest */,
			);
			name = Products;
			sourceTree = "<group>";
		};
		1D7C75182717719D00716F36 /* ExchangeRateApp */ = {
			isa = PBXGroup;
			children = (
				1D7C75542717948A00716F36 /* Service */,
				1D7C754F27177D0E00716F36 /* CoreData */,
				1D7C754C27177A6400716F36 /* Extensions */,
				1D7C755C2717989100716F36 /* Model */,
				1D8B302727182FB100B287EB /* ViewModel */,
				1D8B302627182FA600B287EB /* View */,
				1D7C7525271771A000716F36 /* Assets.xcassets */,
				1D7C75192717719D00716F36 /* AppDelegate.swift */,
				1D7C7527271771A000716F36 /* LaunchScreen.storyboard */,
				1D7C752A271771A000716F36 /* Info.plist */,
				1D7C75222717719D00716F36 /* ExchangeRateApp.xcdatamodeld */,
			);
			path = ExchangeRateApp;
			sourceTree = "<group>";
		};
		1D7C7532271771A100716F36 /* ExchangeRateAppTests */ = {
			isa = PBXGroup;
			children = (
				1D7C7533271771A100716F36 /* ExchangeRateAppTests.swift */,
			);
			path = ExchangeRateAppTests;
			sourceTree = "<group>";
		};
		1D7C753C271771A100716F36 /* ExchangeRateAppUITests */ = {
			isa = PBXGroup;
			children = (
				1D7C753D271771A100716F36 /* ExchangeRateAppUITests.swift */,
				1D7C753F271771A100716F36 /* ExchangeRateAppUITestsLaunchTests.swift */,
			);
			path = ExchangeRateAppUITests;
			sourceTree = "<group>";
		};
		1D7C754C27177A6400716F36 /* Extensions */ = {
			isa = PBXGroup;
			children = (
				1D7C754D27177A8300716F36 /* UIColor+Extension.swift */,
			);
			path = Extensions;
			sourceTree = "<group>";
		};
		1D7C754F27177D0E00716F36 /* CoreData */ = {
			isa = PBXGroup;
			children = (
				1D7C755027177D2300716F36 /* PersistenceManager.swift */,
			);
			path = CoreData;
			sourceTree = "<group>";
		};
		1D7C75542717948A00716F36 /* Service */ = {
			isa = PBXGroup;
			children = (
				1D7C75582717950800716F36 /* Service.swift */,
				1D7C755A2717951600716F36 /* API.swift */,
			);
			path = Service;
			sourceTree = "<group>";
		};
		1D7C755C2717989100716F36 /* Model */ = {
			isa = PBXGroup;
			children = (
				1D7C755D271798A800716F36 /* RatesModel.swift */,
			);
			path = Model;
			sourceTree = "<group>";
		};
		1D8B302627182FA600B287EB /* View */ = {
			isa = PBXGroup;
			children = (
				1D7C751D2717719D00716F36 /* ViewController.swift */,
				1D7C755227178EC000716F36 /* MainTableViewCell.swift */,
			);
			path = View;
			sourceTree = "<group>";
		};
		1D8B302727182FB100B287EB /* ViewModel */ = {
			isa = PBXGroup;
			children = (
				1D8B30282718302C00B287EB /* RatesViewModel.swift */,
			);
			path = ViewModel;
			sourceTree = "<group>";
		};
/* End PBXGroup section */

/* Begin PBXNativeTarget section */
		1D7C75152717719D00716F36 /* ExchangeRateApp */ = {
			isa = PBXNativeTarget;
			buildConfigurationList = 1D7C7543271771A100716F36 /* Build configuration list for PBXNativeTarget "ExchangeRateApp" */;
			buildPhases = (
				1D7C75122717719D00716F36 /* Sources */,
				1D7C75132717719D00716F36 /* Frameworks */,
				1D7C75142717719D00716F36 /* Resources */,
			);
			buildRules = (
			);
			dependencies = (
			);
			name = ExchangeRateApp;
			packageProductDependencies = (
				1D7C7556271794E200716F36 /* Alamofire */,
			);
			productName = ExchangeRateApp;
			productReference = 1D7C75162717719D00716F36 /* ExchangeRateApp.app */;
			productType = "com.apple.product-type.application";
		};
		1D7C752E271771A100716F36 /* ExchangeRateAppTests */ = {
			isa = PBXNativeTarget;
			buildConfigurationList = 1D7C7546271771A100716F36 /* Build configuration list for PBXNativeTarget "ExchangeRateAppTests" */;
			buildPhases = (
				1D7C752B271771A100716F36 /* Sources */,
				1D7C752C271771A100716F36 /* Frameworks */,
				1D7C752D271771A100716F36 /* Resources */,
			);
			buildRules = (
			);
			dependencies = (
				1D7C7531271771A100716F36 /* PBXTargetDependency */,
			);
			name = ExchangeRateAppTests;
			productName = ExchangeRateAppTests;
			productReference = 1D7C752F271771A100716F36 /* ExchangeRateAppTests.xctest */;
			productType = "com.apple.product-type.bundle.unit-test";
		};
		1D7C7538271771A100716F36 /* ExchangeRateAppUITests */ = {
			isa = PBXNativeTarget;
			buildConfigurationList = 1D7C7549271771A100716F36 /* Build configuration list for PBXNativeTarget "ExchangeRateAppUITests" */;
			buildPhases = (
				1D7C7535271771A100716F36 /* Sources */,
				1D7C7536271771A100716F36 /* Frameworks */,
				1D7C7537271771A100716F36 /* Resources */,
			);
			buildRules = (
			);
			dependencies = (
				1D7C753B271771A100716F36 /* PBXTargetDependency */,
			);
			name = ExchangeRateAppUITests;
			productName = ExchangeRateAppUITests;
			productReference = 1D7C7539271771A100716F36 /* ExchangeRateAppUITests.xctest */;
			productType = "com.apple.product-type.bundle.ui-testing";
		};
/* End PBXNativeTarget section */

/* Begin PBXProject section */
		1D7C750E2717719D00716F36 /* Project object */ = {
			isa = PBXProject;
			attributes = {
				BuildIndependentTargetsInParallel = 1;
				LastSwiftUpdateCheck = 1300;
				LastUpgradeCheck = 1300;
				TargetAttributes = {
					1D7C75152717719D00716F36 = {
						CreatedOnToolsVersion = 13.0;
					};
					1D7C752E271771A100716F36 = {
						CreatedOnToolsVersion = 13.0;
						TestTargetID = 1D7C75152717719D00716F36;
					};
					1D7C7538271771A100716F36 = {
						CreatedOnToolsVersion = 13.0;
						TestTargetID = 1D7C75152717719D00716F36;
					};
				};
			};
			buildConfigurationList = 1D7C75112717719D00716F36 /* Build configuration list for PBXProject "ExchangeRateApp" */;
			compatibilityVersion = "Xcode 13.0";
			developmentRegion = en;
			hasScannedForEncodings = 0;
			knownRegions = (
				en,
				Base,
			);
			mainGroup = 1D7C750D2717719D00716F36;
			packageReferences = (
				1D7C7555271794E200716F36 /* XCRemoteSwiftPackageReference "Alamofire" */,
			);
			productRefGroup = 1D7C75172717719D00716F36 /* Products */;
			projectDirPath = "";
			projectRoot = "";
			targets = (
				1D7C75152717719D00716F36 /* ExchangeRateApp */,
				1D7C752E271771A100716F36 /* ExchangeRateAppTests */,
				1D7C7538271771A100716F36 /* ExchangeRateAppUITests */,
			);
		};
/* End PBXProject section */

/* Begin PBXResourcesBuildPhase section */
		1D7C75142717719D00716F36 /* Resources */ = {
			isa = PBXResourcesBuildPhase;
			buildActionMask = 2147483647;
			files = (
				1D7C7529271771A000716F36 /* LaunchScreen.storyboard in Resources */,
				1D7C7526271771A000716F36 /* Assets.xcassets in Resources */,
			);
			runOnlyForDeploymentPostprocessing = 0;
		};
		1D7C752D271771A100716F36 /* Resources */ = {
			isa = PBXResourcesBuildPhase;
			buildActionMask = 2147483647;
			files = (
			);
			runOnlyForDeploymentPostprocessing = 0;
		};
		1D7C7537271771A100716F36 /* Resources */ = {
			isa = PBXResourcesBuildPhase;
			buildActionMask = 2147483647;
			files = (
			);
			runOnlyForDeploymentPostprocessing = 0;
		};
/* End PBXResourcesBuildPhase section */

/* Begin PBXSourcesBuildPhase section */
		1D7C75122717719D00716F36 /* Sources */ = {
			isa = PBXSourcesBuildPhase;
			buildActionMask = 2147483647;
			files = (
				1D7C755127177D2300716F36 /* PersistenceManager.swift in Sources */,
				1D7C75592717950800716F36 /* Service.swift in Sources */,
				1D7C75242717719D00716F36 /* ExchangeRateApp.xcdatamodeld in Sources */,
				1D7C751E2717719D00716F36 /* ViewController.swift in Sources */,
				1D7C751A2717719D00716F36 /* AppDelegate.swift in Sources */,
				1D7C755327178EC000716F36 /* MainTableViewCell.swift in Sources */,
				1D7C755E271798A800716F36 /* RatesModel.swift in Sources */,
				1D7C755B2717951600716F36 /* API.swift in Sources */,
				1D8B30292718302C00B287EB /* RatesViewModel.swift in Sources */,
				1D7C754E27177A8300716F36 /* UIColor+Extension.swift in Sources */,
			);
			runOnlyForDeploymentPostprocessing = 0;
		};
		1D7C752B271771A100716F36 /* Sources */ = {
			isa = PBXSourcesBuildPhase;
			buildActionMask = 2147483647;
			files = (
				1D7C7534271771A100716F36 /* ExchangeRateAppTests.swift in Sources */,
			);
			runOnlyForDeploymentPostprocessing = 0;
		};
		1D7C7535271771A100716F36 /* Sources */ = {
			isa = PBXSourcesBuildPhase;
			buildActionMask = 2147483647;
			files = (
				1D7C753E271771A100716F36 /* ExchangeRateAppUITests.swift in Sources */,
				1D7C7540271771A100716F36 /* ExchangeRateAppUITestsLaunchTests.swift in Sources */,
			);
			runOnlyForDeploymentPostprocessing = 0;
		};
/* End PBXSourcesBuildPhase section */

/* Begin PBXTargetDependency section */
		1D7C7531271771A100716F36 /* PBXTargetDependency */ = {
			isa = PBXTargetDependency;
			target = 1D7C75152717719D00716F36 /* ExchangeRateApp */;
			targetProxy = 1D7C7530271771A100716F36 /* PBXContainerItemProxy */;
		};
		1D7C753B271771A100716F36 /* PBXTargetDependency */ = {
			isa = PBXTargetDependency;
			target = 1D7C75152717719D00716F36 /* ExchangeRateApp */;
			targetProxy = 1D7C753A271771A100716F36 /* PBXContainerItemProxy */;
		};
/* End PBXTargetDependency section */

/* Begin PBXVariantGroup section */
		1D7C7527271771A000716F36 /* LaunchScreen.storyboard */ = {
			isa = PBXVariantGroup;
			children = (
				1D7C7528271771A000716F36 /* Base */,
			);
			name = LaunchScreen.storyboard;
			sourceTree = "<group>";
		};
/* End PBXVariantGroup section */

/* Begin XCBuildConfiguration section */
		1D7C7541271771A100716F36 /* Debug */ = {
			isa = XCBuildConfiguration;
			buildSettings = {
				ALWAYS_SEARCH_USER_PATHS = NO;
				CLANG_ANALYZER_NONNULL = YES;
				CLANG_ANALYZER_NUMBER_OBJECT_CONVERSION = YES_AGGRESSIVE;
				CLANG_CXX_LANGUAGE_STANDARD = "gnu++17";
				CLANG_CXX_LIBRARY = "libc++";
				CLANG_ENABLE_MODULES = YES;
				CLANG_ENABLE_OBJC_ARC = YES;
				CLANG_ENABLE_OBJC_WEAK = YES;
				CLANG_WARN_BLOCK_CAPTURE_AUTORELEASING = YES;
				CLANG_WARN_BOOL_CONVERSION = YES;
				CLANG_WARN_COMMA = YES;
				CLANG_WARN_CONSTANT_CONVERSION = YES;
				CLANG_WARN_DEPRECATED_OBJC_IMPLEMENTATIONS = YES;
				CLANG_WARN_DIRECT_OBJC_ISA_USAGE = YES_ERROR;
				CLANG_WARN_DOCUMENTATION_COMMENTS = YES;
				CLANG_WARN_EMPTY_BODY = YES;
				CLANG_WARN_ENUM_CONVERSION = YES;
				CLANG_WARN_INFINITE_RECURSION = YES;
				CLANG_WARN_INT_CONVERSION = YES;
				CLANG_WARN_NON_LITERAL_NULL_CONVERSION = YES;
				CLANG_WARN_OBJC_IMPLICIT_RETAIN_SELF = YES;
				CLANG_WARN_OBJC_LITERAL_CONVERSION = YES;
				CLANG_WARN_OBJC_ROOT_CLASS = YES_ERROR;
				CLANG_WARN_QUOTED_INCLUDE_IN_FRAMEWORK_HEADER = YES;
				CLANG_WARN_RANGE_LOOP_ANALYSIS = YES;
				CLANG_WARN_STRICT_PROTOTYPES = YES;
				CLANG_WARN_SUSPICIOUS_MOVE = YES;
				CLANG_WARN_UNGUARDED_AVAILABILITY = YES_AGGRESSIVE;
				CLANG_WARN_UNREACHABLE_CODE = YES;
				CLANG_WARN__DUPLICATE_METHOD_MATCH = YES;
				COPY_PHASE_STRIP = NO;
				DEBUG_INFORMATION_FORMAT = dwarf;
				ENABLE_STRICT_OBJC_MSGSEND = YES;
				ENABLE_TESTABILITY = YES;
				GCC_C_LANGUAGE_STANDARD = gnu11;
				GCC_DYNAMIC_NO_PIC = NO;
				GCC_NO_COMMON_BLOCKS = YES;
				GCC_OPTIMIZATION_LEVEL = 0;
				GCC_PREPROCESSOR_DEFINITIONS = (
					"DEBUG=1",
					"$(inherited)",
				);
				GCC_WARN_64_TO_32_BIT_CONVERSION = YES;
				GCC_WARN_ABOUT_RETURN_TYPE = YES_ERROR;
				GCC_WARN_UNDECLARED_SELECTOR = YES;
				GCC_WARN_UNINITIALIZED_AUTOS = YES_AGGRESSIVE;
				GCC_WARN_UNUSED_FUNCTION = YES;
				GCC_WARN_UNUSED_VARIABLE = YES;
				IPHONEOS_DEPLOYMENT_TARGET = 15.0;
				MTL_ENABLE_DEBUG_INFO = INCLUDE_SOURCE;
				MTL_FAST_MATH = YES;
				ONLY_ACTIVE_ARCH = YES;
				SDKROOT = iphoneos;
				SWIFT_ACTIVE_COMPILATION_CONDITIONS = DEBUG;
				SWIFT_OPTIMIZATION_LEVEL = "-Onone";
			};
			name = Debug;
		};
		1D7C7542271771A100716F36 /* Release */ = {
			isa = XCBuildConfiguration;
			buildSettings = {
				ALWAYS_SEARCH_USER_PATHS = NO;
				CLANG_ANALYZER_NONNULL = YES;
				CLANG_ANALYZER_NUMBER_OBJECT_CONVERSION = YES_AGGRESSIVE;
				CLANG_CXX_LANGUAGE_STANDARD = "gnu++17";
				CLANG_CXX_LIBRARY = "libc++";
				CLANG_ENABLE_MODULES = YES;
				CLANG_ENABLE_OBJC_ARC = YES;
				CLANG_ENABLE_OBJC_WEAK = YES;
				CLANG_WARN_BLOCK_CAPTURE_AUTORELEASING = YES;
				CLANG_WARN_BOOL_CONVERSION = YES;
				CLANG_WARN_COMMA = YES;
				CLANG_WARN_CONSTANT_CONVERSION = YES;
				CLANG_WARN_DEPRECATED_OBJC_IMPLEMENTATIONS = YES;
				CLANG_WARN_DIRECT_OBJC_ISA_USAGE = YES_ERROR;
				CLANG_WARN_DOCUMENTATION_COMMENTS = YES;
				CLANG_WARN_EMPTY_BODY = YES;
				CLANG_WARN_ENUM_CONVERSION = YES;
				CLANG_WARN_INFINITE_RECURSION = YES;
				CLANG_WARN_INT_CONVERSION = YES;
				CLANG_WARN_NON_LITERAL_NULL_CONVERSION = YES;
				CLANG_WARN_OBJC_IMPLICIT_RETAIN_SELF = YES;
				CLANG_WARN_OBJC_LITERAL_CONVERSION = YES;
				CLANG_WARN_OBJC_ROOT_CLASS = YES_ERROR;
				CLANG_WARN_QUOTED_INCLUDE_IN_FRAMEWORK_HEADER = YES;
				CLANG_WARN_RANGE_LOOP_ANALYSIS = YES;
				CLANG_WARN_STRICT_PROTOTYPES = YES;
				CLANG_WARN_SUSPICIOUS_MOVE = YES;
				CLANG_WARN_UNGUARDED_AVAILABILITY = YES_AGGRESSIVE;
				CLANG_WARN_UNREACHABLE_CODE = YES;
				CLANG_WARN__DUPLICATE_METHOD_MATCH = YES;
				COPY_PHASE_STRIP = NO;
				DEBUG_INFORMATION_FORMAT = "dwarf-with-dsym";
				ENABLE_NS_ASSERTIONS = NO;
				ENABLE_STRICT_OBJC_MSGSEND = YES;
				GCC_C_LANGUAGE_STANDARD = gnu11;
				GCC_NO_COMMON_BLOCKS = YES;
				GCC_WARN_64_TO_32_BIT_CONVERSION = YES;
				GCC_WARN_ABOUT_RETURN_TYPE = YES_ERROR;
				GCC_WARN_UNDECLARED_SELECTOR = YES;
				GCC_WARN_UNINITIALIZED_AUTOS = YES_AGGRESSIVE;
				GCC_WARN_UNUSED_FUNCTION = YES;
				GCC_WARN_UNUSED_VARIABLE = YES;
				IPHONEOS_DEPLOYMENT_TARGET = 15.0;
				MTL_ENABLE_DEBUG_INFO = NO;
				MTL_FAST_MATH = YES;
				SDKROOT = iphoneos;
				SWIFT_COMPILATION_MODE = wholemodule;
				SWIFT_OPTIMIZATION_LEVEL = "-O";
				VALIDATE_PRODUCT = YES;
			};
			name = Release;
		};
		1D7C7544271771A100716F36 /* Debug */ = {
			isa = XCBuildConfiguration;
			buildSettings = {
				ASSETCATALOG_COMPILER_APPICON_NAME = AppIcon;
				ASSETCATALOG_COMPILER_GLOBAL_ACCENT_COLOR_NAME = AccentColor;
				CODE_SIGN_STYLE = Automatic;
				CURRENT_PROJECT_VERSION = 1;
				DEVELOPMENT_TEAM = VDUH7U8HTM;
				GENERATE_INFOPLIST_FILE = YES;
				INFOPLIST_FILE = ExchangeRateApp/Info.plist;
				INFOPLIST_KEY_UIApplicationSupportsIndirectInputEvents = YES;
				INFOPLIST_KEY_UILaunchStoryboardName = LaunchScreen;
				INFOPLIST_KEY_UISupportedInterfaceOrientations = UIInterfaceOrientationPortrait;
				INFOPLIST_KEY_UISupportedInterfaceOrientations_iPad = "UIInterfaceOrientationPortrait UIInterfaceOrientationPortraitUpsideDown UIInterfaceOrientationLandscapeLeft UIInterfaceOrientationLandscapeRight";
				INFOPLIST_KEY_UISupportedInterfaceOrientations_iPhone = "UIInterfaceOrientationPortrait UIInterfaceOrientationLandscapeLeft UIInterfaceOrientationLandscapeRight";
				IPHONEOS_DEPLOYMENT_TARGET = 15.0;
				LD_RUNPATH_SEARCH_PATHS = (
					"$(inherited)",
					"@executable_path/Frameworks",
				);
				MARKETING_VERSION = 1.0;
				PRODUCT_BUNDLE_IDENTIFIER = "Sabina-Huseynova.ExchangeRateApp";
				PRODUCT_NAME = "$(TARGET_NAME)";
				SWIFT_EMIT_LOC_STRINGS = YES;
				SWIFT_VERSION = 5.0;
				TARGETED_DEVICE_FAMILY = 1;
			};
			name = Debug;
		};
		1D7C7545271771A100716F36 /* Release */ = {
			isa = XCBuildConfiguration;
			buildSettings = {
				ASSETCATALOG_COMPILER_APPICON_NAME = AppIcon;
				ASSETCATALOG_COMPILER_GLOBAL_ACCENT_COLOR_NAME = AccentColor;
				CODE_SIGN_STYLE = Automatic;
				CURRENT_PROJECT_VERSION = 1;
				DEVELOPMENT_TEAM = VDUH7U8HTM;
				GENERATE_INFOPLIST_FILE = YES;
				INFOPLIST_FILE = ExchangeRateApp/Info.plist;
				INFOPLIST_KEY_UIApplicationSupportsIndirectInputEvents = YES;
				INFOPLIST_KEY_UILaunchStoryboardName = LaunchScreen;
				INFOPLIST_KEY_UISupportedInterfaceOrientations = UIInterfaceOrientationPortrait;
				INFOPLIST_KEY_UISupportedInterfaceOrientations_iPad = "UIInterfaceOrientationPortrait UIInterfaceOrientationPortraitUpsideDown UIInterfaceOrientationLandscapeLeft UIInterfaceOrientationLandscapeRight";
				INFOPLIST_KEY_UISupportedInterfaceOrientations_iPhone = "UIInterfaceOrientationPortrait UIInterfaceOrientationLandscapeLeft UIInterfaceOrientationLandscapeRight";
				IPHONEOS_DEPLOYMENT_TARGET = 15.0;
				LD_RUNPATH_SEARCH_PATHS = (
					"$(inherited)",
					"@executable_path/Frameworks",
				);
				MARKETING_VERSION = 1.0;
				PRODUCT_BUNDLE_IDENTIFIER = "Sabina-Huseynova.ExchangeRateApp";
				PRODUCT_NAME = "$(TARGET_NAME)";
				SWIFT_EMIT_LOC_STRINGS = YES;
				SWIFT_VERSION = 5.0;
				TARGETED_DEVICE_FAMILY = 1;
			};
			name = Release;
		};
		1D7C7547271771A100716F36 /* Debug */ = {
			isa = XCBuildConfiguration;
			buildSettings = {
				ALWAYS_EMBED_SWIFT_STANDARD_LIBRARIES = YES;
				BUNDLE_LOADER = "$(TEST_HOST)";
				CODE_SIGN_STYLE = Automatic;
				CURRENT_PROJECT_VERSION = 1;
				DEVELOPMENT_TEAM = VDUH7U8HTM;
				GENERATE_INFOPLIST_FILE = YES;
				IPHONEOS_DEPLOYMENT_TARGET = 15.0;
				LD_RUNPATH_SEARCH_PATHS = (
					"$(inherited)",
					"@executable_path/Frameworks",
					"@loader_path/Frameworks",
				);
				MARKETING_VERSION = 1.0;
				PRODUCT_BUNDLE_IDENTIFIER = "Sabina-Huseynova.ExchangeRateAppTests";
				PRODUCT_NAME = "$(TARGET_NAME)";
				SWIFT_EMIT_LOC_STRINGS = NO;
				SWIFT_VERSION = 5.0;
				TARGETED_DEVICE_FAMILY = "1,2";
				TEST_HOST = "$(BUILT_PRODUCTS_DIR)/ExchangeRateApp.app/ExchangeRateApp";
			};
			name = Debug;
		};
		1D7C7548271771A100716F36 /* Release */ = {
			isa = XCBuildConfiguration;
			buildSettings = {
				ALWAYS_EMBED_SWIFT_STANDARD_LIBRARIES = YES;
				BUNDLE_LOADER = "$(TEST_HOST)";
				CODE_SIGN_STYLE = Automatic;
				CURRENT_PROJECT_VERSION = 1;
				DEVELOPMENT_TEAM = VDUH7U8HTM;
				GENERATE_INFOPLIST_FILE = YES;
				IPHONEOS_DEPLOYMENT_TARGET = 15.0;
				LD_RUNPATH_SEARCH_PATHS = (
					"$(inherited)",
					"@executable_path/Frameworks",
					"@loader_path/Frameworks",
				);
				MARKETING_VERSION = 1.0;
				PRODUCT_BUNDLE_IDENTIFIER = "Sabina-Huseynova.ExchangeRateAppTests";
				PRODUCT_NAME = "$(TARGET_NAME)";
				SWIFT_EMIT_LOC_STRINGS = NO;
				SWIFT_VERSION = 5.0;
				TARGETED_DEVICE_FAMILY = "1,2";
				TEST_HOST = "$(BUILT_PRODUCTS_DIR)/ExchangeRateApp.app/ExchangeRateApp";
			};
			name = Release;
		};
		1D7C754A271771A100716F36 /* Debug */ = {
			isa = XCBuildConfiguration;
			buildSettings = {
				ALWAYS_EMBED_SWIFT_STANDARD_LIBRARIES = YES;
				CODE_SIGN_STYLE = Automatic;
				CURRENT_PROJECT_VERSION = 1;
				DEVELOPMENT_TEAM = VDUH7U8HTM;
				GENERATE_INFOPLIST_FILE = YES;
				LD_RUNPATH_SEARCH_PATHS = (
					"$(inherited)",
					"@executable_path/Frameworks",
					"@loader_path/Frameworks",
				);
				MARKETING_VERSION = 1.0;
				PRODUCT_BUNDLE_IDENTIFIER = "Sabina-Huseynova.ExchangeRateAppUITests";
				PRODUCT_NAME = "$(TARGET_NAME)";
				SWIFT_EMIT_LOC_STRINGS = NO;
				SWIFT_VERSION = 5.0;
				TARGETED_DEVICE_FAMILY = "1,2";
				TEST_TARGET_NAME = ExchangeRateApp;
			};
			name = Debug;
		};
		1D7C754B271771A100716F36 /* Release */ = {
			isa = XCBuildConfiguration;
			buildSettings = {
				ALWAYS_EMBED_SWIFT_STANDARD_LIBRARIES = YES;
				CODE_SIGN_STYLE = Automatic;
				CURRENT_PROJECT_VERSION = 1;
				DEVELOPMENT_TEAM = VDUH7U8HTM;
				GENERATE_INFOPLIST_FILE = YES;
				LD_RUNPATH_SEARCH_PATHS = (
					"$(inherited)",
					"@executable_path/Frameworks",
					"@loader_path/Frameworks",
				);
				MARKETING_VERSION = 1.0;
				PRODUCT_BUNDLE_IDENTIFIER = "Sabina-Huseynova.ExchangeRateAppUITests";
				PRODUCT_NAME = "$(TARGET_NAME)";
				SWIFT_EMIT_LOC_STRINGS = NO;
				SWIFT_VERSION = 5.0;
				TARGETED_DEVICE_FAMILY = "1,2";
				TEST_TARGET_NAME = ExchangeRateApp;
			};
			name = Release;
		};
/* End XCBuildConfiguration section */

/* Begin XCConfigurationList section */
		1D7C75112717719D00716F36 /* Build configuration list for PBXProject "ExchangeRateApp" */ = {
			isa = XCConfigurationList;
			buildConfigurations = (
				1D7C7541271771A100716F36 /* Debug */,
				1D7C7542271771A100716F36 /* Release */,
			);
			defaultConfigurationIsVisible = 0;
			defaultConfigurationName = Release;
		};
		1D7C7543271771A100716F36 /* Build configuration list for PBXNativeTarget "ExchangeRateApp" */ = {
			isa = XCConfigurationList;
			buildConfigurations = (
				1D7C7544271771A100716F36 /* Debug */,
				1D7C7545271771A100716F36 /* Release */,
			);
			defaultConfigurationIsVisible = 0;
			defaultConfigurationName = Release;
		};
		1D7C7546271771A100716F36 /* Build configuration list for PBXNativeTarget "ExchangeRateAppTests" */ = {
			isa = XCConfigurationList;
			buildConfigurations = (
				1D7C7547271771A100716F36 /* Debug */,
				1D7C7548271771A100716F36 /* Release */,
			);
			defaultConfigurationIsVisible = 0;
			defaultConfigurationName = Release;
		};
		1D7C7549271771A100716F36 /* Build configuration list for PBXNativeTarget "ExchangeRateAppUITests" */ = {
			isa = XCConfigurationList;
			buildConfigurations = (
				1D7C754A271771A100716F36 /* Debug */,
				1D7C754B271771A100716F36 /* Release */,
			);
			defaultConfigurationIsVisible = 0;
			defaultConfigurationName = Release;
		};
/* End XCConfigurationList section */

/* Begin XCRemoteSwiftPackageReference section */
		1D7C7555271794E200716F36 /* XCRemoteSwiftPackageReference "Alamofire" */ = {
			isa = XCRemoteSwiftPackageReference;
			repositoryURL = "https://github.com/Alamofire/Alamofire";
			requirement = {
				branch = master;
				kind = branch;
			};
		};
/* End XCRemoteSwiftPackageReference section */

/* Begin XCSwiftPackageProductDependency section */
		1D7C7556271794E200716F36 /* Alamofire */ = {
			isa = XCSwiftPackageProductDependency;
			package = 1D7C7555271794E200716F36 /* XCRemoteSwiftPackageReference "Alamofire" */;
			productName = Alamofire;
		};
/* End XCSwiftPackageProductDependency section */

/* Begin XCVersionGroup section */
		1D7C75222717719D00716F36 /* ExchangeRateApp.xcdatamodeld */ = {
			isa = XCVersionGroup;
			children = (
				1D7C75232717719D00716F36 /* ExchangeRateApp.xcdatamodel */,
			);
			currentVersion = 1D7C75232717719D00716F36 /* ExchangeRateApp.xcdatamodel */;
			path = ExchangeRateApp.xcdatamodeld;
			sourceTree = "<group>";
			versionGroupType = wrapper.xcdatamodel;
		};
/* End XCVersionGroup section */
	};
	rootObject = 1D7C750E2717719D00716F36 /* Project object */;
}
